
Microsoft Visual Studio Solution File, Format Version 12.00
# Visual Studio Version 17
VisualStudioVersion = 17.5.33530.505
MinimumVisualStudioVersion = 10.0.40219.1
Project("{FAE04EC0-301F-11D3-BF4B-00C04F79EFBC}") = "MultidimensionalArrayExercise", "MultidimensionalArrayExercise.csproj", "{0036D0C2-18FF-4728-8CFC-02AF1E316EFB}"
EndProject
Global
	GlobalSection(SolutionConfigurationPlatforms) = preSolution
		Debug|Any CPU = Debug|Any CPU
		Release|Any CPU = Release|Any CPU
	EndGlobalSection
	GlobalSection(ProjectConfigurationPlatforms) = postSolution
		{0036D0C2-18FF-4728-8CFC-02AF1E316EFB}.Debug|Any CPU.ActiveCfg = Debug|Any CPU
		{0036D0C2-18FF-4728-8CFC-02AF1E316EFB}.Debug|Any CPU.Build.0 = Debug|Any CPU
		{0036D0C2-18FF-4728-8CFC-02AF1E316EFB}.Release|Any CPU.ActiveCfg = Release|Any CPU
		{0036D0C2-18FF-4728-8CFC-02AF1E316EFB}.Release|Any CPU.Build.0 = Release|Any CPU
	EndGlobalSection
	GlobalSection(SolutionProperties) = preSolution
		HideSolutionNode = FALSE
	EndGlobalSection
	GlobalSection(ExtensibilityGlobals) = postSolution
		SolutionGuid = {8087F28A-37BE-42C3-8D57-419557436F3C}
	EndGlobalSection
EndGlobal
